// !$*UTF8*$!
{
	archiveVersion = 1;
	classes = {
	};
	objectVersion = 56;
	objects = {

/* Begin PBXBuildFile section */
		412B1E4428A7819F00B9C27E /* ChoreStarApp.swift in Sources */ = {isa = PBXBuildFile; fileRef = 412B1E4328A7819F00B9C27E /* ChoreStarApp.swift */; };
		412B1E4628A7819F00B9C27E /* ContentView.swift in Sources */ = {isa = PBXBuildFile; fileRef = 412B1E4528A7819F00B9C27E /* ContentView.swift */; };
		412B1E4828A781A000B9C27E /* Assets.xcassets in Resources */ = {isa = PBXBuildFile; fileRef = 412B1E4728A781A000B9C27E /* Assets.xcassets */; };
		412B1E4C28A781A000B9C27E /* Preview Assets.xcassets in Resources */ = {isa = PBXBuildFile; fileRef = 412B1E4B28A781A000B9C27E /* Preview Assets.xcassets */; };
		412B1E5D28A7961300B9C27E /* AppDelegate.swift in Sources */ = {isa = PBXBuildFile; fileRef = 412B1E5C28A7961300B9C27E /* AppDelegate.swift */; };
		412B1E7F28A79B7500B9C27E /* SceneDelegate.swift in Sources */ = {isa = PBXBuildFile; fileRef = 412B1E7E28A79B7500B9C27E /* SceneDelegate.swift */; };
		412B1E8128A7A1AE00B9C27E /* Store.swift in Sources */ = {isa = PBXBuildFile; fileRef = 412B1E8028A7A1AE00B9C27E /* Store.swift */; };
		412B1E8528A7BA0A00B9C27E /* LocationViewTest.swift in Sources */ = {isa = PBXBuildFile; fileRef = 412B1E8428A7BA0A00B9C27E /* LocationViewTest.swift */; };
		412B1E8728A7BB0600B9C27E /* LocationManager.swift in Sources */ = {isa = PBXBuildFile; fileRef = 412B1E8628A7BB0600B9C27E /* LocationManager.swift */; };
		412B1E8C28A7BFBE00B9C27E /* MapViewTest.swift in Sources */ = {isa = PBXBuildFile; fileRef = 412B1E8B28A7BFBE00B9C27E /* MapViewTest.swift */; };
		412B1E8E28A7C07000B9C27E /* HomeTest.swift in Sources */ = {isa = PBXBuildFile; fileRef = 412B1E8D28A7C07000B9C27E /* HomeTest.swift */; };
		412B1E9028A7C64300B9C27E /* HomeTestV2.swift in Sources */ = {isa = PBXBuildFile; fileRef = 412B1E8F28A7C64300B9C27E /* HomeTestV2.swift */; };
		412B1E9228A7C77900B9C27E /* FindingChoreMan.swift in Sources */ = {isa = PBXBuildFile; fileRef = 412B1E9128A7C77900B9C27E /* FindingChoreMan.swift */; };
		412B1E9528A7C9E900B9C27E /* SingleChoreMan.swift in Sources */ = {isa = PBXBuildFile; fileRef = 412B1E9428A7C9E900B9C27E /* SingleChoreMan.swift */; };
		412B1E9728A7CE6D00B9C27E /* SingleChoreManV2.swift in Sources */ = {isa = PBXBuildFile; fileRef = 412B1E9628A7CE6D00B9C27E /* SingleChoreManV2.swift */; };
		412B1E9928A7D1D500B9C27E /* FindingChoreManV2.swift in Sources */ = {isa = PBXBuildFile; fileRef = 412B1E9828A7D1D500B9C27E /* FindingChoreManV2.swift */; };
		412B1E9B28A7DC7200B9C27E /* ChoreManFullView.swift in Sources */ = {isa = PBXBuildFile; fileRef = 412B1E9A28A7DC7200B9C27E /* ChoreManFullView.swift */; };
		412B1E9D28A7E29C00B9C27E /* ChooseChoreView.swift in Sources */ = {isa = PBXBuildFile; fileRef = 412B1E9C28A7E29C00B9C27E /* ChooseChoreView.swift */; };
		412B1E9F28A7E2FB00B9C27E /* SingleChore.swift in Sources */ = {isa = PBXBuildFile; fileRef = 412B1E9E28A7E2FB00B9C27E /* SingleChore.swift */; };
		412B1EA128A7E55100B9C27E /* PaymentManager.swift in Sources */ = {isa = PBXBuildFile; fileRef = 412B1EA028A7E55100B9C27E /* PaymentManager.swift */; };
		412B1EA328A7F8D400B9C27E /* SearchChoreManView.swift in Sources */ = {isa = PBXBuildFile; fileRef = 412B1EA228A7F8D400B9C27E /* SearchChoreManView.swift */; };
/* End PBXBuildFile section */

/* Begin PBXFileReference section */
		412B1E4028A7819F00B9C27E /* ChoreStar.app */ = {isa = PBXFileReference; explicitFileType = wrapper.application; includeInIndex = 0; path = ChoreStar.app; sourceTree = BUILT_PRODUCTS_DIR; };
		412B1E4328A7819F00B9C27E /* ChoreStarApp.swift */ = {isa = PBXFileReference; lastKnownFileType = sourcecode.swift; path = ChoreStarApp.swift; sourceTree = "<group>"; };
		412B1E4528A7819F00B9C27E /* ContentView.swift */ = {isa = PBXFileReference; lastKnownFileType = sourcecode.swift; path = ContentView.swift; sourceTree = "<group>"; };
		412B1E4728A781A000B9C27E /* Assets.xcassets */ = {isa = PBXFileReference; lastKnownFileType = folder.assetcatalog; path = Assets.xcassets; sourceTree = "<group>"; };
		412B1E4928A781A000B9C27E /* ChoreStar.entitlements */ = {isa = PBXFileReference; lastKnownFileType = text.plist.entitlements; path = ChoreStar.entitlements; sourceTree = "<group>"; };
		412B1E4B28A781A000B9C27E /* Preview Assets.xcassets */ = {isa = PBXFileReference; lastKnownFileType = folder.assetcatalog; path = "Preview Assets.xcassets"; sourceTree = "<group>"; };
		412B1E5C28A7961300B9C27E /* AppDelegate.swift */ = {isa = PBXFileReference; lastKnownFileType = sourcecode.swift; path = AppDelegate.swift; sourceTree = "<group>"; };
		412B1E7E28A79B7500B9C27E /* SceneDelegate.swift */ = {isa = PBXFileReference; lastKnownFileType = sourcecode.swift; path = SceneDelegate.swift; sourceTree = "<group>"; };
		412B1E8028A7A1AE00B9C27E /* Store.swift */ = {isa = PBXFileReference; lastKnownFileType = sourcecode.swift; path = Store.swift; sourceTree = "<group>"; };
		412B1E8228A7A55C00B9C27E /* MySKConfig.storekit */ = {isa = PBXFileReference; lastKnownFileType = text; path = MySKConfig.storekit; sourceTree = "<group>"; };
		412B1E8428A7BA0A00B9C27E /* LocationViewTest.swift */ = {isa = PBXFileReference; lastKnownFileType = sourcecode.swift; path = LocationViewTest.swift; sourceTree = "<group>"; };
		412B1E8628A7BB0600B9C27E /* LocationManager.swift */ = {isa = PBXFileReference; lastKnownFileType = sourcecode.swift; path = LocationManager.swift; sourceTree = "<group>"; };
		412B1E8828A7BDF400B9C27E /* Info.plist */ = {isa = PBXFileReference; lastKnownFileType = text.plist; path = Info.plist; sourceTree = "<group>"; };
		412B1E8B28A7BFBE00B9C27E /* MapViewTest.swift */ = {isa = PBXFileReference; lastKnownFileType = sourcecode.swift; path = MapViewTest.swift; sourceTree = "<group>"; };
		412B1E8D28A7C07000B9C27E /* HomeTest.swift */ = {isa = PBXFileReference; lastKnownFileType = sourcecode.swift; path = HomeTest.swift; sourceTree = "<group>"; };
		412B1E8F28A7C64300B9C27E /* HomeTestV2.swift */ = {isa = PBXFileReference; lastKnownFileType = sourcecode.swift; path = HomeTestV2.swift; sourceTree = "<group>"; };
		412B1E9128A7C77900B9C27E /* FindingChoreMan.swift */ = {isa = PBXFileReference; lastKnownFileType = sourcecode.swift; path = FindingChoreMan.swift; sourceTree = "<group>"; };
		412B1E9428A7C9E900B9C27E /* SingleChoreMan.swift */ = {isa = PBXFileReference; lastKnownFileType = sourcecode.swift; path = SingleChoreMan.swift; sourceTree = "<group>"; };
		412B1E9628A7CE6D00B9C27E /* SingleChoreManV2.swift */ = {isa = PBXFileReference; lastKnownFileType = sourcecode.swift; path = SingleChoreManV2.swift; sourceTree = "<group>"; };
		412B1E9828A7D1D500B9C27E /* FindingChoreManV2.swift */ = {isa = PBXFileReference; lastKnownFileType = sourcecode.swift; path = FindingChoreManV2.swift; sourceTree = "<group>"; };
		412B1E9A28A7DC7200B9C27E /* ChoreManFullView.swift */ = {isa = PBXFileReference; lastKnownFileType = sourcecode.swift; path = ChoreManFullView.swift; sourceTree = "<group>"; };
		412B1E9C28A7E29C00B9C27E /* ChooseChoreView.swift */ = {isa = PBXFileReference; lastKnownFileType = sourcecode.swift; path = ChooseChoreView.swift; sourceTree = "<group>"; };
		412B1E9E28A7E2FB00B9C27E /* SingleChore.swift */ = {isa = PBXFileReference; lastKnownFileType = sourcecode.swift; path = SingleChore.swift; sourceTree = "<group>"; };
		412B1EA028A7E55100B9C27E /* PaymentManager.swift */ = {isa = PBXFileReference; lastKnownFileType = sourcecode.swift; path = PaymentManager.swift; sourceTree = "<group>"; };
		412B1EA228A7F8D400B9C27E /* SearchChoreManView.swift */ = {isa = PBXFileReference; lastKnownFileType = sourcecode.swift; path = SearchChoreManView.swift; sourceTree = "<group>"; };
/* End PBXFileReference section */

/* Begin PBXFrameworksBuildPhase section */
		412B1E3D28A7819F00B9C27E /* Frameworks */ = {
			isa = PBXFrameworksBuildPhase;
			buildActionMask = 2147483647;
			files = (
			);
			runOnlyForDeploymentPostprocessing = 0;
		};
/* End PBXFrameworksBuildPhase section */

/* Begin PBXGroup section */
		412B1E3728A7819F00B9C27E = {
			isa = PBXGroup;
			children = (
				412B1E4228A7819F00B9C27E /* ChoreStar */,
				412B1E4128A7819F00B9C27E /* Products */,
			);
			sourceTree = "<group>";
		};
		412B1E4128A7819F00B9C27E /* Products */ = {
			isa = PBXGroup;
			children = (
				412B1E4028A7819F00B9C27E /* ChoreStar.app */,
			);
			name = Products;
			sourceTree = "<group>";
		};
		412B1E4228A7819F00B9C27E /* ChoreStar */ = {
			isa = PBXGroup;
			children = (
				412B1E8828A7BDF400B9C27E /* Info.plist */,
				412B1E8228A7A55C00B9C27E /* MySKConfig.storekit */,
				412B1E4328A7819F00B9C27E /* ChoreStarApp.swift */,
				412B1E5C28A7961300B9C27E /* AppDelegate.swift */,
				412B1E7E28A79B7500B9C27E /* SceneDelegate.swift */,
				412B1E8628A7BB0600B9C27E /* LocationManager.swift */,
				412B1EA028A7E55100B9C27E /* PaymentManager.swift */,
				412B1E9328A7C9D300B9C27E /* TestViewComponents */,
				412B1E5B28A7960300B9C27E /* TestViews */,
				412B1E4528A7819F00B9C27E /* ContentView.swift */,
				412B1E8028A7A1AE00B9C27E /* Store.swift */,
				412B1E4728A781A000B9C27E /* Assets.xcassets */,
				412B1E4928A781A000B9C27E /* ChoreStar.entitlements */,
				412B1E4A28A781A000B9C27E /* Preview Content */,
			);
			path = ChoreStar;
			sourceTree = "<group>";
		};
		412B1E4A28A781A000B9C27E /* Preview Content */ = {
			isa = PBXGroup;
			children = (
				412B1E4B28A781A000B9C27E /* Preview Assets.xcassets */,
			);
			path = "Preview Content";
			sourceTree = "<group>";
		};
		412B1E5B28A7960300B9C27E /* TestViews */ = {
			isa = PBXGroup;
			children = (
				412B1E8428A7BA0A00B9C27E /* LocationViewTest.swift */,
				412B1E8B28A7BFBE00B9C27E /* MapViewTest.swift */,
				412B1E8D28A7C07000B9C27E /* HomeTest.swift */,
				412B1E8F28A7C64300B9C27E /* HomeTestV2.swift */,
				412B1E9128A7C77900B9C27E /* FindingChoreMan.swift */,
				412B1E9828A7D1D500B9C27E /* FindingChoreManV2.swift */,
			);
			path = TestViews;
			sourceTree = "<group>";
		};
		412B1E9328A7C9D300B9C27E /* TestViewComponents */ = {
			isa = PBXGroup;
			children = (
				412B1E9428A7C9E900B9C27E /* SingleChoreMan.swift */,
				412B1E9628A7CE6D00B9C27E /* SingleChoreManV2.swift */,
				412B1E9A28A7DC7200B9C27E /* ChoreManFullView.swift */,
				412B1E9C28A7E29C00B9C27E /* ChooseChoreView.swift */,
				412B1E9E28A7E2FB00B9C27E /* SingleChore.swift */,
				412B1EA228A7F8D400B9C27E /* SearchChoreManView.swift */,
			);
			path = TestViewComponents;
			sourceTree = "<group>";
		};
/* End PBXGroup section */

/* Begin PBXNativeTarget section */
		412B1E3F28A7819F00B9C27E /* ChoreStar */ = {
			isa = PBXNativeTarget;
			buildConfigurationList = 412B1E4F28A781A000B9C27E /* Build configuration list for PBXNativeTarget "ChoreStar" */;
			buildPhases = (
				412B1E3C28A7819F00B9C27E /* Sources */,
				412B1E3D28A7819F00B9C27E /* Frameworks */,
				412B1E3E28A7819F00B9C27E /* Resources */,
			);
			buildRules = (
			);
			dependencies = (
			);
			name = ChoreStar;
			packageProductDependencies = (
			);
			productName = ChoreStar;
			productReference = 412B1E4028A7819F00B9C27E /* ChoreStar.app */;
			productType = "com.apple.product-type.application";
		};
/* End PBXNativeTarget section */

/* Begin PBXProject section */
		412B1E3828A7819F00B9C27E /* Project object */ = {
			isa = PBXProject;
			attributes = {
				BuildIndependentTargetsInParallel = 1;
				LastSwiftUpdateCheck = 1400;
				LastUpgradeCheck = 1400;
				TargetAttributes = {
					412B1E3F28A7819F00B9C27E = {
						CreatedOnToolsVersion = 14.0;
					};
				};
			};
			buildConfigurationList = 412B1E3B28A7819F00B9C27E /* Build configuration list for PBXProject "ChoreStar" */;
			compatibilityVersion = "Xcode 14.0";
			developmentRegion = en;
			hasScannedForEncodings = 0;
			knownRegions = (
				en,
				Base,
			);
			mainGroup = 412B1E3728A7819F00B9C27E;
			packageReferences = (
			);
			productRefGroup = 412B1E4128A7819F00B9C27E /* Products */;
			projectDirPath = "";
			projectRoot = "";
			targets = (
				412B1E3F28A7819F00B9C27E /* ChoreStar */,
			);
		};
/* End PBXProject section */

/* Begin PBXResourcesBuildPhase section */
		412B1E3E28A7819F00B9C27E /* Resources */ = {
			isa = PBXResourcesBuildPhase;
			buildActionMask = 2147483647;
			files = (
				412B1E4C28A781A000B9C27E /* Preview Assets.xcassets in Resources */,
				412B1E4828A781A000B9C27E /* Assets.xcassets in Resources */,
			);
			runOnlyForDeploymentPostprocessing = 0;
		};
/* End PBXResourcesBuildPhase section */

/* Begin PBXSourcesBuildPhase section */
		412B1E3C28A7819F00B9C27E /* Sources */ = {
			isa = PBXSourcesBuildPhase;
			buildActionMask = 2147483647;
			files = (
				412B1E9928A7D1D500B9C27E /* FindingChoreManV2.swift in Sources */,
				412B1E8E28A7C07000B9C27E /* HomeTest.swift in Sources */,
				412B1EA328A7F8D400B9C27E /* SearchChoreManView.swift in Sources */,
				412B1E9F28A7E2FB00B9C27E /* SingleChore.swift in Sources */,
				412B1E8128A7A1AE00B9C27E /* Store.swift in Sources */,
				412B1E8528A7BA0A00B9C27E /* LocationViewTest.swift in Sources */,
				412B1E9B28A7DC7200B9C27E /* ChoreManFullView.swift in Sources */,
				412B1E5D28A7961300B9C27E /* AppDelegate.swift in Sources */,
				412B1E8728A7BB0600B9C27E /* LocationManager.swift in Sources */,
				412B1E4628A7819F00B9C27E /* ContentView.swift in Sources */,
				412B1E9028A7C64300B9C27E /* HomeTestV2.swift in Sources */,
				412B1E9728A7CE6D00B9C27E /* SingleChoreManV2.swift in Sources */,
				412B1E9228A7C77900B9C27E /* FindingChoreMan.swift in Sources */,
				412B1EA128A7E55100B9C27E /* PaymentManager.swift in Sources */,
				412B1E8C28A7BFBE00B9C27E /* MapViewTest.swift in Sources */,
				412B1E4428A7819F00B9C27E /* ChoreStarApp.swift in Sources */,
				412B1E9D28A7E29C00B9C27E /* ChooseChoreView.swift in Sources */,
				412B1E9528A7C9E900B9C27E /* SingleChoreMan.swift in Sources */,
				412B1E7F28A79B7500B9C27E /* SceneDelegate.swift in Sources */,
			);
			runOnlyForDeploymentPostprocessing = 0;
		};
/* End PBXSourcesBuildPhase section */

/* Begin XCBuildConfiguration section */
		412B1E4D28A781A000B9C27E /* Debug */ = {
			isa = XCBuildConfiguration;
			buildSettings = {
				ALWAYS_SEARCH_USER_PATHS = NO;
				CLANG_ANALYZER_NONNULL = YES;
				CLANG_ANALYZER_NUMBER_OBJECT_CONVERSION = YES_AGGRESSIVE;
				CLANG_CXX_LANGUAGE_STANDARD = "gnu++17";
				CLANG_ENABLE_MODULES = YES;
				CLANG_ENABLE_OBJC_ARC = YES;
				CLANG_ENABLE_OBJC_WEAK = YES;
				CLANG_WARN_BLOCK_CAPTURE_AUTORELEASING = YES;
				CLANG_WARN_BOOL_CONVERSION = YES;
				CLANG_WARN_COMMA = YES;
				CLANG_WARN_CONSTANT_CONVERSION = YES;
				CLANG_WARN_DEPRECATED_OBJC_IMPLEMENTATIONS = YES;
				CLANG_WARN_DIRECT_OBJC_ISA_USAGE = YES_ERROR;
				CLANG_WARN_DOCUMENTATION_COMMENTS = YES;
				CLANG_WARN_EMPTY_BODY = YES;
				CLANG_WARN_ENUM_CONVERSION = YES;
				CLANG_WARN_INFINITE_RECURSION = YES;
				CLANG_WARN_INT_CONVERSION = YES;
				CLANG_WARN_NON_LITERAL_NULL_CONVERSION = YES;
				CLANG_WARN_OBJC_IMPLICIT_RETAIN_SELF = YES;
				CLANG_WARN_OBJC_LITERAL_CONVERSION = YES;
				CLANG_WARN_OBJC_ROOT_CLASS = YES_ERROR;
				CLANG_WARN_QUOTED_INCLUDE_IN_FRAMEWORK_HEADER = YES;
				CLANG_WARN_RANGE_LOOP_ANALYSIS = YES;
				CLANG_WARN_STRICT_PROTOTYPES = YES;
				CLANG_WARN_SUSPICIOUS_MOVE = YES;
				CLANG_WARN_UNGUARDED_AVAILABILITY = YES_AGGRESSIVE;
				CLANG_WARN_UNREACHABLE_CODE = YES;
				CLANG_WARN__DUPLICATE_METHOD_MATCH = YES;
				COPY_PHASE_STRIP = NO;
				DEBUG_INFORMATION_FORMAT = dwarf;
				ENABLE_STRICT_OBJC_MSGSEND = YES;
				ENABLE_TESTABILITY = YES;
				GCC_C_LANGUAGE_STANDARD = gnu11;
				GCC_DYNAMIC_NO_PIC = NO;
				GCC_NO_COMMON_BLOCKS = YES;
				GCC_OPTIMIZATION_LEVEL = 0;
				GCC_PREPROCESSOR_DEFINITIONS = (
					"DEBUG=1",
					"$(inherited)",
				);
				GCC_WARN_64_TO_32_BIT_CONVERSION = YES;
				GCC_WARN_ABOUT_RETURN_TYPE = YES_ERROR;
				GCC_WARN_UNDECLARED_SELECTOR = YES;
				GCC_WARN_UNINITIALIZED_AUTOS = YES_AGGRESSIVE;
				GCC_WARN_UNUSED_FUNCTION = YES;
				GCC_WARN_UNUSED_VARIABLE = YES;
				IPHONEOS_DEPLOYMENT_TARGET = 15.6;
				MTL_ENABLE_DEBUG_INFO = INCLUDE_SOURCE;
				MTL_FAST_MATH = YES;
				ONLY_ACTIVE_ARCH = YES;
				SWIFT_ACTIVE_COMPILATION_CONDITIONS = DEBUG;
				SWIFT_OPTIMIZATION_LEVEL = "-Onone";
			};
			name = Debug;
		};
		412B1E4E28A781A000B9C27E /* Release */ = {
			isa = XCBuildConfiguration;
			buildSettings = {
				ALWAYS_SEARCH_USER_PATHS = NO;
				CLANG_ANALYZER_NONNULL = YES;
				CLANG_ANALYZER_NUMBER_OBJECT_CONVERSION = YES_AGGRESSIVE;
				CLANG_CXX_LANGUAGE_STANDARD = "gnu++17";
				CLANG_ENABLE_MODULES = YES;
				CLANG_ENABLE_OBJC_ARC = YES;
				CLANG_ENABLE_OBJC_WEAK = YES;
				CLANG_WARN_BLOCK_CAPTURE_AUTORELEASING = YES;
				CLANG_WARN_BOOL_CONVERSION = YES;
				CLANG_WARN_COMMA = YES;
				CLANG_WARN_CONSTANT_CONVERSION = YES;
				CLANG_WARN_DEPRECATED_OBJC_IMPLEMENTATIONS = YES;
				CLANG_WARN_DIRECT_OBJC_ISA_USAGE = YES_ERROR;
				CLANG_WARN_DOCUMENTATION_COMMENTS = YES;
				CLANG_WARN_EMPTY_BODY = YES;
				CLANG_WARN_ENUM_CONVERSION = YES;
				CLANG_WARN_INFINITE_RECURSION = YES;
				CLANG_WARN_INT_CONVERSION = YES;
				CLANG_WARN_NON_LITERAL_NULL_CONVERSION = YES;
				CLANG_WARN_OBJC_IMPLICIT_RETAIN_SELF = YES;
				CLANG_WARN_OBJC_LITERAL_CONVERSION = YES;
				CLANG_WARN_OBJC_ROOT_CLASS = YES_ERROR;
				CLANG_WARN_QUOTED_INCLUDE_IN_FRAMEWORK_HEADER = YES;
				CLANG_WARN_RANGE_LOOP_ANALYSIS = YES;
				CLANG_WARN_STRICT_PROTOTYPES = YES;
				CLANG_WARN_SUSPICIOUS_MOVE = YES;
				CLANG_WARN_UNGUARDED_AVAILABILITY = YES_AGGRESSIVE;
				CLANG_WARN_UNREACHABLE_CODE = YES;
				CLANG_WARN__DUPLICATE_METHOD_MATCH = YES;
				COPY_PHASE_STRIP = NO;
				DEBUG_INFORMATION_FORMAT = "dwarf-with-dsym";
				ENABLE_NS_ASSERTIONS = NO;
				ENABLE_STRICT_OBJC_MSGSEND = YES;
				GCC_C_LANGUAGE_STANDARD = gnu11;
				GCC_NO_COMMON_BLOCKS = YES;
				GCC_WARN_64_TO_32_BIT_CONVERSION = YES;
				GCC_WARN_ABOUT_RETURN_TYPE = YES_ERROR;
				GCC_WARN_UNDECLARED_SELECTOR = YES;
				GCC_WARN_UNINITIALIZED_AUTOS = YES_AGGRESSIVE;
				GCC_WARN_UNUSED_FUNCTION = YES;
				GCC_WARN_UNUSED_VARIABLE = YES;
				IPHONEOS_DEPLOYMENT_TARGET = 15.6;
				MTL_ENABLE_DEBUG_INFO = NO;
				MTL_FAST_MATH = YES;
				SWIFT_COMPILATION_MODE = wholemodule;
				SWIFT_OPTIMIZATION_LEVEL = "-O";
			};
			name = Release;
		};
		412B1E5028A781A000B9C27E /* Debug */ = {
			isa = XCBuildConfiguration;
			buildSettings = {
				ASSETCATALOG_COMPILER_APPICON_NAME = AppIcon;
				ASSETCATALOG_COMPILER_GLOBAL_ACCENT_COLOR_NAME = AccentColor;
				CODE_SIGN_ENTITLEMENTS = ChoreStar/ChoreStar.entitlements;
				CODE_SIGN_STYLE = Automatic;
				CURRENT_PROJECT_VERSION = 1;
				DEVELOPMENT_ASSET_PATHS = "\"ChoreStar/Preview Content\"";
				DEVELOPMENT_TEAM = X622SX6D57;
				ENABLE_HARDENED_RUNTIME = YES;
				ENABLE_PREVIEWS = YES;
				GENERATE_INFOPLIST_FILE = YES;
				INFOPLIST_FILE = ChoreStar/Info.plist;
				INFOPLIST_KEY_NSLocationWhenInUseUsageDescription = "Share your location to find chores near you!";
				"INFOPLIST_KEY_UILaunchScreen_Generation[sdk=iphoneos*]" = YES;
				"INFOPLIST_KEY_UILaunchScreen_Generation[sdk=iphonesimulator*]" = YES;
				INFOPLIST_KEY_UISupportedInterfaceOrientations_iPad = "UIInterfaceOrientationPortrait UIInterfaceOrientationPortraitUpsideDown UIInterfaceOrientationLandscapeLeft UIInterfaceOrientationLandscapeRight";
				INFOPLIST_KEY_UISupportedInterfaceOrientations_iPhone = "UIInterfaceOrientationPortrait UIInterfaceOrientationLandscapeLeft UIInterfaceOrientationLandscapeRight";
				IPHONEOS_DEPLOYMENT_TARGET = 15.4;
				LD_RUNPATH_SEARCH_PATHS = "@executable_path/Frameworks";
				"LD_RUNPATH_SEARCH_PATHS[sdk=macosx*]" = "@executable_path/../Frameworks";
				MACOSX_DEPLOYMENT_TARGET = 12.4;
				MARKETING_VERSION = 1.0;
				PRODUCT_BUNDLE_IDENTIFIER = BL.ChoreStar;
				PRODUCT_NAME = "$(TARGET_NAME)";
				SDKROOT = auto;
				SUPPORTED_PLATFORMS = "iphoneos iphonesimulator";
				SUPPORTS_MACCATALYST = NO;
				SUPPORTS_MAC_DESIGNED_FOR_IPHONE_IPAD = NO;
				SWIFT_EMIT_LOC_STRINGS = YES;
				SWIFT_VERSION = 5.0;
				TARGETED_DEVICE_FAMILY = 1;
			};
			name = Debug;
		};
		412B1E5128A781A000B9C27E /* Release */ = {
			isa = XCBuildConfiguration;
			buildSettings = {
				ASSETCATALOG_COMPILER_APPICON_NAME = AppIcon;
				ASSETCATALOG_COMPILER_GLOBAL_ACCENT_COLOR_NAME = AccentColor;
				CODE_SIGN_ENTITLEMENTS = ChoreStar/ChoreStar.entitlements;
				CODE_SIGN_STYLE = Automatic;
				CURRENT_PROJECT_VERSION = 1;
				DEVELOPMENT_ASSET_PATHS = "\"ChoreStar/Preview Content\"";
				DEVELOPMENT_TEAM = X622SX6D57;
				ENABLE_HARDENED_RUNTIME = YES;
				ENABLE_PREVIEWS = YES;
				GENERATE_INFOPLIST_FILE = YES;
				INFOPLIST_FILE = ChoreStar/Info.plist;
				INFOPLIST_KEY_NSLocationWhenInUseUsageDescription = "Share your location to find chores near you!";
				"INFOPLIST_KEY_UILaunchScreen_Generation[sdk=iphoneos*]" = YES;
				"INFOPLIST_KEY_UILaunchScreen_Generation[sdk=iphonesimulator*]" = YES;
				INFOPLIST_KEY_UISupportedInterfaceOrientations_iPad = "UIInterfaceOrientationPortrait UIInterfaceOrientationPortraitUpsideDown UIInterfaceOrientationLandscapeLeft UIInterfaceOrientationLandscapeRight";
				INFOPLIST_KEY_UISupportedInterfaceOrientations_iPhone = "UIInterfaceOrientationPortrait UIInterfaceOrientationLandscapeLeft UIInterfaceOrientationLandscapeRight";
				IPHONEOS_DEPLOYMENT_TARGET = 15.4;
				LD_RUNPATH_SEARCH_PATHS = "@executable_path/Frameworks";
				"LD_RUNPATH_SEARCH_PATHS[sdk=macosx*]" = "@executable_path/../Frameworks";
				MACOSX_DEPLOYMENT_TARGET = 12.4;
				MARKETING_VERSION = 1.0;
				PRODUCT_BUNDLE_IDENTIFIER = BL.ChoreStar;
				PRODUCT_NAME = "$(TARGET_NAME)";
				SDKROOT = auto;
				SUPPORTED_PLATFORMS = "iphoneos iphonesimulator";
				SUPPORTS_MACCATALYST = NO;
				SUPPORTS_MAC_DESIGNED_FOR_IPHONE_IPAD = NO;
				SWIFT_EMIT_LOC_STRINGS = YES;
				SWIFT_VERSION = 5.0;
				TARGETED_DEVICE_FAMILY = 1;
			};
			name = Release;
		};
/* End XCBuildConfiguration section */

/* Begin XCConfigurationList section */
		412B1E3B28A7819F00B9C27E /* Build configuration list for PBXProject "ChoreStar" */ = {
			isa = XCConfigurationList;
			buildConfigurations = (
				412B1E4D28A781A000B9C27E /* Debug */,
				412B1E4E28A781A000B9C27E /* Release */,
			);
			defaultConfigurationIsVisible = 0;
			defaultConfigurationName = Release;
		};
		412B1E4F28A781A000B9C27E /* Build configuration list for PBXNativeTarget "ChoreStar" */ = {
			isa = XCConfigurationList;
			buildConfigurations = (
				412B1E5028A781A000B9C27E /* Debug */,
				412B1E5128A781A000B9C27E /* Release */,
			);
			defaultConfigurationIsVisible = 0;
			defaultConfigurationName = Release;
		};
/* End XCConfigurationList section */
	};
	rootObject = 412B1E3828A7819F00B9C27E /* Project object */;
}
